// !$*UTF8*$!
{
	archiveVersion = 1;
	classes = {
	};
	objectVersion = 46;
	objects = {

/* Begin PBXBuildFile section */
		8DEF901A1AC78A7D00CA2E78 /* Property List AdmDir.plist in Resources */ = {isa = PBXBuildFile; fileRef = 8DEF90191AC78A7D00CA2E78 /* Property List AdmDir.plist */; };
		8DFBEDC01AE5C1CA00F6AF2F /* GlobalCalendar.m in Sources */ = {isa = PBXBuildFile; fileRef = 8DFBEDBF1AE5C1CA00F6AF2F /* GlobalCalendar.m */; };
		B806B1661AE60A7D00AF96F0 /* ContactoFondo.png in Resources */ = {isa = PBXBuildFile; fileRef = B806B1651AE60A7D00AF96F0 /* ContactoFondo.png */; };
		B806B16C1AE60F9300AF96F0 /* CalendarToday.png in Resources */ = {isa = PBXBuildFile; fileRef = B806B16B1AE60F9300AF96F0 /* CalendarToday.png */; };
		B806B16E1AE60F9D00AF96F0 /* CalendarEventYellow.png in Resources */ = {isa = PBXBuildFile; fileRef = B806B16D1AE60F9D00AF96F0 /* CalendarEventYellow.png */; };
		B808E31D1AC4EB9D003872A2 /* ViewControllerCalendario.m in Sources */ = {isa = PBXBuildFile; fileRef = B808E31C1AC4EB9D003872A2 /* ViewControllerCalendario.m */; };
		B808E3401AC4EC09003872A2 /* DSLCalendarDayView.m in Sources */ = {isa = PBXBuildFile; fileRef = B808E3231AC4EC09003872A2 /* DSLCalendarDayView.m */; };
		B808E3411AC4EC09003872A2 /* DSLCalendarMonthSelectorView.m in Sources */ = {isa = PBXBuildFile; fileRef = B808E3251AC4EC09003872A2 /* DSLCalendarMonthSelectorView.m */; };
		B808E3421AC4EC09003872A2 /* DSLCalendarMonthSelectorView.xib in Resources */ = {isa = PBXBuildFile; fileRef = B808E3261AC4EC09003872A2 /* DSLCalendarMonthSelectorView.xib */; };
		B808E3431AC4EC09003872A2 /* DSLCalendarMonthView.m in Sources */ = {isa = PBXBuildFile; fileRef = B808E3281AC4EC09003872A2 /* DSLCalendarMonthView.m */; };
		B808E3441AC4EC09003872A2 /* DSLCalendarRange.m in Sources */ = {isa = PBXBuildFile; fileRef = B808E32A1AC4EC09003872A2 /* DSLCalendarRange.m */; };
		B808E3451AC4EC09003872A2 /* DSLCalendarView.m in Sources */ = {isa = PBXBuildFile; fileRef = B808E32C1AC4EC09003872A2 /* DSLCalendarView.m */; };
		B808E3541AC4EC09003872A2 /* NSDate+DSLCalendarView.m in Sources */ = {isa = PBXBuildFile; fileRef = B808E33D1AC4EC09003872A2 /* NSDate+DSLCalendarView.m */; };
		B808E35A1AC4EE27003872A2 /* TableViewControllerContacto.m in Sources */ = {isa = PBXBuildFile; fileRef = B808E3591AC4EE27003872A2 /* TableViewControllerContacto.m */; };
		B80A5EE31AE9EEE50078F5E5 /* DSLCalendarDaySelection.png in Resources */ = {isa = PBXBuildFile; fileRef = B80A5EE21AE9EEE50078F5E5 /* DSLCalendarDaySelection.png */; };
		B8206D181AEDD0E200FE4B3C /* facebook.png in Resources */ = {isa = PBXBuildFile; fileRef = B8206D131AEDD0E200FE4B3C /* facebook.png */; };
		B8206D191AEDD0E200FE4B3C /* google+.png in Resources */ = {isa = PBXBuildFile; fileRef = B8206D141AEDD0E200FE4B3C /* google+.png */; };
		B8206D1A1AEDD0E200FE4B3C /* linkedin.jpg in Resources */ = {isa = PBXBuildFile; fileRef = B8206D151AEDD0E200FE4B3C /* linkedin.jpg */; };
		B8206D1B1AEDD0E200FE4B3C /* twitter.png in Resources */ = {isa = PBXBuildFile; fileRef = B8206D161AEDD0E200FE4B3C /* twitter.png */; };
		B8206D1C1AEDD0E200FE4B3C /* youtube.png in Resources */ = {isa = PBXBuildFile; fileRef = B8206D171AEDD0E200FE4B3C /* youtube.png */; };
		B8206D1E1AEDDC6B00FE4B3C /* Contacto.png in Resources */ = {isa = PBXBuildFile; fileRef = B8206D1D1AEDDC6B00FE4B3C /* Contacto.png */; };
		B8206D201AEDDF0000FE4B3C /* Noticias.png in Resources */ = {isa = PBXBuildFile; fileRef = B8206D1F1AEDDF0000FE4B3C /* Noticias.png */; };
		B8206D221AEDE19200FE4B3C /* Calendario.jpg in Resources */ = {isa = PBXBuildFile; fileRef = B8206D211AEDE19200FE4B3C /* Calendario.jpg */; };
		B84173D41AEDAA4100629E0A /* MenuViewController.m in Sources */ = {isa = PBXBuildFile; fileRef = B84173D31AEDAA4100629E0A /* MenuViewController.m */; };
		B84AF3DF1AEBECBB00E31131 /* NoticiaTableViewCell.m in Sources */ = {isa = PBXBuildFile; fileRef = B84AF3DE1AEBECBB00E31131 /* NoticiaTableViewCell.m */; };
		B84C2C9D1AE6D80100CF063B /* EventoViewController.m in Sources */ = {isa = PBXBuildFile; fileRef = B84C2C9C1AE6D80100CF063B /* EventoViewController.m */; };
		B861FC391AEA91F60037ACE9 /* NoticiaViewController.m in Sources */ = {isa = PBXBuildFile; fileRef = B861FC381AEA91F60037ACE9 /* NoticiaViewController.m */; };
		B861FC3C1AEA9D2E0037ACE9 /* NoticiarioTableViewController.m in Sources */ = {isa = PBXBuildFile; fileRef = B861FC3B1AEA9D2E0037ACE9 /* NoticiarioTableViewController.m */; };
		B891F1871AE9E08800A1F5C8 /* DSLCalendar-nextMonth.png in Resources */ = {isa = PBXBuildFile; fileRef = B891F1861AE9E08800A1F5C8 /* DSLCalendar-nextMonth.png */; };
		B891F1891AE9E09100A1F5C8 /* DSLCalendar-previousMonth.png in Resources */ = {isa = PBXBuildFile; fileRef = B891F1881AE9E09100A1F5C8 /* DSLCalendar-previousMonth.png */; };
		FB18007E1ADF29BC0074C6CB /* Property List DesProVinc.plist in Resources */ = {isa = PBXBuildFile; fileRef = FB18007D1ADF29BC0074C6CB /* Property List DesProVinc.plist */; };
		FB1800801ADF2B6F0074C6CB /* Property List EvaRetro.plist in Resources */ = {isa = PBXBuildFile; fileRef = FB18007F1ADF2B6F0074C6CB /* Property List EvaRetro.plist */; };
		FB1800821ADF2C250074C6CB /* Property List ExpProf.plist in Resources */ = {isa = PBXBuildFile; fileRef = FB1800811ADF2C250074C6CB /* Property List ExpProf.plist */; };
		FB1800841ADF2D1B0074C6CB /* Property List InnovPlan.plist in Resources */ = {isa = PBXBuildFile; fileRef = FB1800831ADF2D1B0074C6CB /* Property List InnovPlan.plist */; };
		FB24B9EA1ADDEF8800D5431A /* ContactoViewController.m in Sources */ = {isa = PBXBuildFile; fileRef = FB24B9E91ADDEF8800D5431A /* ContactoViewController.m */; };
		FB91AE691AA8D46E00BA5A35 /* main.m in Sources */ = {isa = PBXBuildFile; fileRef = FB91AE681AA8D46E00BA5A35 /* main.m */; };
		FB91AE6C1AA8D46E00BA5A35 /* AppDelegate.m in Sources */ = {isa = PBXBuildFile; fileRef = FB91AE6B1AA8D46E00BA5A35 /* AppDelegate.m */; };
		FB91AE751AA8D46E00BA5A35 /* Main.storyboard in Resources */ = {isa = PBXBuildFile; fileRef = FB91AE731AA8D46E00BA5A35 /* Main.storyboard */; };
		FB91AE771AA8D46E00BA5A35 /* Images.xcassets in Resources */ = {isa = PBXBuildFile; fileRef = FB91AE761AA8D46E00BA5A35 /* Images.xcassets */; };
		FB91AE7A1AA8D46E00BA5A35 /* LaunchScreen.xib in Resources */ = {isa = PBXBuildFile; fileRef = FB91AE781AA8D46E00BA5A35 /* LaunchScreen.xib */; };
		FB91AE861AA8D46E00BA5A35 /* CeldasMedidaTests.m in Sources */ = {isa = PBXBuildFile; fileRef = FB91AE851AA8D46E00BA5A35 /* CeldasMedidaTests.m */; };
		FBE53C841ADF567800AC8DE7 /* GTMNSString+HTML.m in Sources */ = {isa = PBXBuildFile; fileRef = FBE53C741ADF567800AC8DE7 /* GTMNSString+HTML.m */; };
		FBE53C851ADF567800AC8DE7 /* MWFeedInfo.m in Sources */ = {isa = PBXBuildFile; fileRef = FBE53C761ADF567800AC8DE7 /* MWFeedInfo.m */; };
		FBE53C861ADF567800AC8DE7 /* MWFeedItem.m in Sources */ = {isa = PBXBuildFile; fileRef = FBE53C781ADF567800AC8DE7 /* MWFeedItem.m */; };
		FBE53C871ADF567800AC8DE7 /* MWFeedParser.m in Sources */ = {isa = PBXBuildFile; fileRef = FBE53C7A1ADF567800AC8DE7 /* MWFeedParser.m */; };
		FBE53C881ADF567800AC8DE7 /* MWFeedParserAppDelegate.m in Sources */ = {isa = PBXBuildFile; fileRef = FBE53C7D1ADF567800AC8DE7 /* MWFeedParserAppDelegate.m */; };
		FBE53C891ADF567800AC8DE7 /* NSDate+InternetDateTime.m in Sources */ = {isa = PBXBuildFile; fileRef = FBE53C7F1ADF567800AC8DE7 /* NSDate+InternetDateTime.m */; };
		FBE53C8A1ADF567800AC8DE7 /* NSString+HTML.m in Sources */ = {isa = PBXBuildFile; fileRef = FBE53C811ADF567800AC8DE7 /* NSString+HTML.m */; };
		FBE53C8B1ADF567800AC8DE7 /* NSString+XMLEntities.m in Sources */ = {isa = PBXBuildFile; fileRef = FBE53C831ADF567800AC8DE7 /* NSString+XMLEntities.m */; };
/* End PBXBuildFile section */

/* Begin PBXContainerItemProxy section */
		FB91AE801AA8D46E00BA5A35 /* PBXContainerItemProxy */ = {
			isa = PBXContainerItemProxy;
			containerPortal = FB91AE5B1AA8D46E00BA5A35 /* Project object */;
			proxyType = 1;
			remoteGlobalIDString = FB91AE621AA8D46E00BA5A35;
			remoteInfo = CeldasMedida;
		};
/* End PBXContainerItemProxy section */

/* Begin PBXFileReference section */
		8DEF90191AC78A7D00CA2E78 /* Property List AdmDir.plist */ = {isa = PBXFileReference; fileEncoding = 4; lastKnownFileType = text.plist.xml; path = "Property List AdmDir.plist"; sourceTree = "<group>"; };
		8DFBEDBE1AE5C1CA00F6AF2F /* GlobalCalendar.h */ = {isa = PBXFileReference; fileEncoding = 4; lastKnownFileType = sourcecode.c.h; name = GlobalCalendar.h; path = DSLCalendarView/GlobalCalendar.h; sourceTree = "<group>"; };
		8DFBEDBF1AE5C1CA00F6AF2F /* GlobalCalendar.m */ = {isa = PBXFileReference; fileEncoding = 4; lastKnownFileType = sourcecode.c.objc; name = GlobalCalendar.m; path = DSLCalendarView/GlobalCalendar.m; sourceTree = "<group>"; };
		B806B1651AE60A7D00AF96F0 /* ContactoFondo.png */ = {isa = PBXFileReference; lastKnownFileType = image.png; name = ContactoFondo.png; path = ../ContactoFondo.png; sourceTree = "<group>"; };
		B806B16B1AE60F9300AF96F0 /* CalendarToday.png */ = {isa = PBXFileReference; lastKnownFileType = image.png; path = CalendarToday.png; sourceTree = "<group>"; };
		B806B16D1AE60F9D00AF96F0 /* CalendarEventYellow.png */ = {isa = PBXFileReference; lastKnownFileType = image.png; path = CalendarEventYellow.png; sourceTree = "<group>"; };
		B808E31B1AC4EB9D003872A2 /* ViewControllerCalendario.h */ = {isa = PBXFileReference; fileEncoding = 4; lastKnownFileType = sourcecode.c.h; path = ViewControllerCalendario.h; sourceTree = "<group>"; };
		B808E31C1AC4EB9D003872A2 /* ViewControllerCalendario.m */ = {isa = PBXFileReference; fileEncoding = 4; lastKnownFileType = sourcecode.c.objc; path = ViewControllerCalendario.m; sourceTree = "<group>"; };
		B808E3221AC4EC09003872A2 /* DSLCalendarDayView.h */ = {isa = PBXFileReference; fileEncoding = 4; lastKnownFileType = sourcecode.c.h; path = DSLCalendarDayView.h; sourceTree = "<group>"; };
		B808E3231AC4EC09003872A2 /* DSLCalendarDayView.m */ = {isa = PBXFileReference; fileEncoding = 4; lastKnownFileType = sourcecode.c.objc; path = DSLCalendarDayView.m; sourceTree = "<group>"; };
		B808E3241AC4EC09003872A2 /* DSLCalendarMonthSelectorView.h */ = {isa = PBXFileReference; fileEncoding = 4; lastKnownFileType = sourcecode.c.h; path = DSLCalendarMonthSelectorView.h; sourceTree = "<group>"; };
		B808E3251AC4EC09003872A2 /* DSLCalendarMonthSelectorView.m */ = {isa = PBXFileReference; fileEncoding = 4; lastKnownFileType = sourcecode.c.objc; path = DSLCalendarMonthSelectorView.m; sourceTree = "<group>"; };
		B808E3261AC4EC09003872A2 /* DSLCalendarMonthSelectorView.xib */ = {isa = PBXFileReference; fileEncoding = 4; lastKnownFileType = file.xib; path = DSLCalendarMonthSelectorView.xib; sourceTree = "<group>"; };
		B808E3271AC4EC09003872A2 /* DSLCalendarMonthView.h */ = {isa = PBXFileReference; fileEncoding = 4; lastKnownFileType = sourcecode.c.h; path = DSLCalendarMonthView.h; sourceTree = "<group>"; };
		B808E3281AC4EC09003872A2 /* DSLCalendarMonthView.m */ = {isa = PBXFileReference; fileEncoding = 4; lastKnownFileType = sourcecode.c.objc; path = DSLCalendarMonthView.m; sourceTree = "<group>"; };
		B808E3291AC4EC09003872A2 /* DSLCalendarRange.h */ = {isa = PBXFileReference; fileEncoding = 4; lastKnownFileType = sourcecode.c.h; path = DSLCalendarRange.h; sourceTree = "<group>"; };
		B808E32A1AC4EC09003872A2 /* DSLCalendarRange.m */ = {isa = PBXFileReference; fileEncoding = 4; lastKnownFileType = sourcecode.c.objc; path = DSLCalendarRange.m; sourceTree = "<group>"; };
		B808E32B1AC4EC09003872A2 /* DSLCalendarView.h */ = {isa = PBXFileReference; fileEncoding = 4; lastKnownFileType = sourcecode.c.h; path = DSLCalendarView.h; sourceTree = "<group>"; };
		B808E32C1AC4EC09003872A2 /* DSLCalendarView.m */ = {isa = PBXFileReference; fileEncoding = 4; lastKnownFileType = sourcecode.c.objc; path = DSLCalendarView.m; sourceTree = "<group>"; };
		B808E33C1AC4EC09003872A2 /* NSDate+DSLCalendarView.h */ = {isa = PBXFileReference; fileEncoding = 4; lastKnownFileType = sourcecode.c.h; path = "NSDate+DSLCalendarView.h"; sourceTree = "<group>"; };
		B808E33D1AC4EC09003872A2 /* NSDate+DSLCalendarView.m */ = {isa = PBXFileReference; fileEncoding = 4; lastKnownFileType = sourcecode.c.objc; path = "NSDate+DSLCalendarView.m"; sourceTree = "<group>"; };
		B808E3581AC4EE27003872A2 /* TableViewControllerContacto.h */ = {isa = PBXFileReference; fileEncoding = 4; lastKnownFileType = sourcecode.c.h; path = TableViewControllerContacto.h; sourceTree = "<group>"; };
		B808E3591AC4EE27003872A2 /* TableViewControllerContacto.m */ = {isa = PBXFileReference; fileEncoding = 4; lastKnownFileType = sourcecode.c.objc; path = TableViewControllerContacto.m; sourceTree = "<group>"; };
		B80A5EE21AE9EEE50078F5E5 /* DSLCalendarDaySelection.png */ = {isa = PBXFileReference; lastKnownFileType = image.png; path = DSLCalendarDaySelection.png; sourceTree = "<group>"; };
		B8206D131AEDD0E200FE4B3C /* facebook.png */ = {isa = PBXFileReference; lastKnownFileType = image.png; path = facebook.png; sourceTree = "<group>"; };
		B8206D141AEDD0E200FE4B3C /* google+.png */ = {isa = PBXFileReference; lastKnownFileType = image.png; path = "google+.png"; sourceTree = "<group>"; };
		B8206D151AEDD0E200FE4B3C /* linkedin.jpg */ = {isa = PBXFileReference; lastKnownFileType = image.jpeg; path = linkedin.jpg; sourceTree = "<group>"; };
		B8206D161AEDD0E200FE4B3C /* twitter.png */ = {isa = PBXFileReference; lastKnownFileType = image.png; path = twitter.png; sourceTree = "<group>"; };
		B8206D171AEDD0E200FE4B3C /* youtube.png */ = {isa = PBXFileReference; lastKnownFileType = image.png; path = youtube.png; sourceTree = "<group>"; };
		B8206D1D1AEDDC6B00FE4B3C /* Contacto.png */ = {isa = PBXFileReference; lastKnownFileType = image.png; name = Contacto.png; path = ../Contacto.png; sourceTree = "<group>"; };
		B8206D1F1AEDDF0000FE4B3C /* Noticias.png */ = {isa = PBXFileReference; lastKnownFileType = image.png; name = Noticias.png; path = ../Noticias.png; sourceTree = "<group>"; };
		B8206D211AEDE19200FE4B3C /* Calendario.jpg */ = {isa = PBXFileReference; lastKnownFileType = image.jpeg; name = Calendario.jpg; path = ../Calendario.jpg; sourceTree = "<group>"; };
		B837E6941ADF75A8004DCF03 /* MWFeedParser_Prefix.pch */ = {isa = PBXFileReference; fileEncoding = 4; lastKnownFileType = sourcecode.c.h; path = MWFeedParser_Prefix.pch; sourceTree = "<group>"; };
		B84173D21AEDAA4100629E0A /* MenuViewController.h */ = {isa = PBXFileReference; fileEncoding = 4; lastKnownFileType = sourcecode.c.h; path = MenuViewController.h; sourceTree = "<group>"; };
		B84173D31AEDAA4100629E0A /* MenuViewController.m */ = {isa = PBXFileReference; fileEncoding = 4; lastKnownFileType = sourcecode.c.objc; path = MenuViewController.m; sourceTree = "<group>"; };
		B84AF3DD1AEBECBB00E31131 /* NoticiaTableViewCell.h */ = {isa = PBXFileReference; fileEncoding = 4; lastKnownFileType = sourcecode.c.h; path = NoticiaTableViewCell.h; sourceTree = "<group>"; };
		B84AF3DE1AEBECBB00E31131 /* NoticiaTableViewCell.m */ = {isa = PBXFileReference; fileEncoding = 4; lastKnownFileType = sourcecode.c.objc; path = NoticiaTableViewCell.m; sourceTree = "<group>"; };
		B84C2C9B1AE6D80100CF063B /* EventoViewController.h */ = {isa = PBXFileReference; fileEncoding = 4; lastKnownFileType = sourcecode.c.h; path = EventoViewController.h; sourceTree = "<group>"; };
		B84C2C9C1AE6D80100CF063B /* EventoViewController.m */ = {isa = PBXFileReference; fileEncoding = 4; lastKnownFileType = sourcecode.c.objc; path = EventoViewController.m; sourceTree = "<group>"; };
		B861FC371AEA91F60037ACE9 /* NoticiaViewController.h */ = {isa = PBXFileReference; fileEncoding = 4; lastKnownFileType = sourcecode.c.h; path = NoticiaViewController.h; sourceTree = "<group>"; };
		B861FC381AEA91F60037ACE9 /* NoticiaViewController.m */ = {isa = PBXFileReference; fileEncoding = 4; lastKnownFileType = sourcecode.c.objc; path = NoticiaViewController.m; sourceTree = "<group>"; };
		B861FC3A1AEA9D2E0037ACE9 /* NoticiarioTableViewController.h */ = {isa = PBXFileReference; fileEncoding = 4; lastKnownFileType = sourcecode.c.h; path = NoticiarioTableViewController.h; sourceTree = "<group>"; };
		B861FC3B1AEA9D2E0037ACE9 /* NoticiarioTableViewController.m */ = {isa = PBXFileReference; fileEncoding = 4; lastKnownFileType = sourcecode.c.objc; path = NoticiarioTableViewController.m; sourceTree = "<group>"; };
		B891F1861AE9E08800A1F5C8 /* DSLCalendar-nextMonth.png */ = {isa = PBXFileReference; lastKnownFileType = image.png; path = "DSLCalendar-nextMonth.png"; sourceTree = "<group>"; };
		B891F1881AE9E09100A1F5C8 /* DSLCalendar-previousMonth.png */ = {isa = PBXFileReference; lastKnownFileType = image.png; path = "DSLCalendar-previousMonth.png"; sourceTree = "<group>"; };
		FB18007D1ADF29BC0074C6CB /* Property List DesProVinc.plist */ = {isa = PBXFileReference; fileEncoding = 4; lastKnownFileType = text.plist.xml; path = "Property List DesProVinc.plist"; sourceTree = "<group>"; };
		FB18007F1ADF2B6F0074C6CB /* Property List EvaRetro.plist */ = {isa = PBXFileReference; fileEncoding = 4; lastKnownFileType = text.plist.xml; path = "Property List EvaRetro.plist"; sourceTree = "<group>"; };
		FB1800811ADF2C250074C6CB /* Property List ExpProf.plist */ = {isa = PBXFileReference; fileEncoding = 4; lastKnownFileType = text.plist.xml; path = "Property List ExpProf.plist"; sourceTree = "<group>"; };
		FB1800831ADF2D1B0074C6CB /* Property List InnovPlan.plist */ = {isa = PBXFileReference; fileEncoding = 4; lastKnownFileType = text.plist.xml; path = "Property List InnovPlan.plist"; sourceTree = "<group>"; };
		FB24B9E81ADDEF8800D5431A /* ContactoViewController.h */ = {isa = PBXFileReference; fileEncoding = 4; lastKnownFileType = sourcecode.c.h; path = ContactoViewController.h; sourceTree = "<group>"; };
		FB24B9E91ADDEF8800D5431A /* ContactoViewController.m */ = {isa = PBXFileReference; fileEncoding = 4; lastKnownFileType = sourcecode.c.objc; path = ContactoViewController.m; sourceTree = "<group>"; };
		FB91AE631AA8D46E00BA5A35 /* CeldasMedida.app */ = {isa = PBXFileReference; explicitFileType = wrapper.application; includeInIndex = 0; path = CeldasMedida.app; sourceTree = BUILT_PRODUCTS_DIR; };
		FB91AE671AA8D46E00BA5A35 /* Info.plist */ = {isa = PBXFileReference; lastKnownFileType = text.plist.xml; path = Info.plist; sourceTree = "<group>"; };
		FB91AE681AA8D46E00BA5A35 /* main.m */ = {isa = PBXFileReference; lastKnownFileType = sourcecode.c.objc; path = main.m; sourceTree = "<group>"; };
		FB91AE6A1AA8D46E00BA5A35 /* AppDelegate.h */ = {isa = PBXFileReference; lastKnownFileType = sourcecode.c.h; path = AppDelegate.h; sourceTree = "<group>"; };
		FB91AE6B1AA8D46E00BA5A35 /* AppDelegate.m */ = {isa = PBXFileReference; lastKnownFileType = sourcecode.c.objc; path = AppDelegate.m; sourceTree = "<group>"; };
		FB91AE741AA8D46E00BA5A35 /* Base */ = {isa = PBXFileReference; lastKnownFileType = file.storyboard; name = Base; path = Base.lproj/Main.storyboard; sourceTree = "<group>"; };
		FB91AE761AA8D46E00BA5A35 /* Images.xcassets */ = {isa = PBXFileReference; lastKnownFileType = folder.assetcatalog; path = Images.xcassets; sourceTree = "<group>"; };
		FB91AE791AA8D46E00BA5A35 /* Base */ = {isa = PBXFileReference; lastKnownFileType = file.xib; name = Base; path = Base.lproj/LaunchScreen.xib; sourceTree = "<group>"; };
		FB91AE7F1AA8D46E00BA5A35 /* CeldasMedidaTests.xctest */ = {isa = PBXFileReference; explicitFileType = wrapper.cfbundle; includeInIndex = 0; path = CeldasMedidaTests.xctest; sourceTree = BUILT_PRODUCTS_DIR; };
		FB91AE841AA8D46E00BA5A35 /* Info.plist */ = {isa = PBXFileReference; lastKnownFileType = text.plist.xml; path = Info.plist; sourceTree = "<group>"; };
		FB91AE851AA8D46E00BA5A35 /* CeldasMedidaTests.m */ = {isa = PBXFileReference; lastKnownFileType = sourcecode.c.objc; path = CeldasMedidaTests.m; sourceTree = "<group>"; };
		FBE53C731ADF567800AC8DE7 /* GTMNSString+HTML.h */ = {isa = PBXFileReference; fileEncoding = 4; lastKnownFileType = sourcecode.c.h; path = "GTMNSString+HTML.h"; sourceTree = "<group>"; };
		FBE53C741ADF567800AC8DE7 /* GTMNSString+HTML.m */ = {isa = PBXFileReference; fileEncoding = 4; lastKnownFileType = sourcecode.c.objc; path = "GTMNSString+HTML.m"; sourceTree = "<group>"; };
		FBE53C751ADF567800AC8DE7 /* MWFeedInfo.h */ = {isa = PBXFileReference; fileEncoding = 4; lastKnownFileType = sourcecode.c.h; path = MWFeedInfo.h; sourceTree = "<group>"; };
		FBE53C761ADF567800AC8DE7 /* MWFeedInfo.m */ = {isa = PBXFileReference; fileEncoding = 4; lastKnownFileType = sourcecode.c.objc; path = MWFeedInfo.m; sourceTree = "<group>"; };
		FBE53C771ADF567800AC8DE7 /* MWFeedItem.h */ = {isa = PBXFileReference; fileEncoding = 4; lastKnownFileType = sourcecode.c.h; path = MWFeedItem.h; sourceTree = "<group>"; };
		FBE53C781ADF567800AC8DE7 /* MWFeedItem.m */ = {isa = PBXFileReference; fileEncoding = 4; lastKnownFileType = sourcecode.c.objc; path = MWFeedItem.m; sourceTree = "<group>"; };
		FBE53C791ADF567800AC8DE7 /* MWFeedParser.h */ = {isa = PBXFileReference; fileEncoding = 4; lastKnownFileType = sourcecode.c.h; path = MWFeedParser.h; sourceTree = "<group>"; };
		FBE53C7A1ADF567800AC8DE7 /* MWFeedParser.m */ = {isa = PBXFileReference; fileEncoding = 4; lastKnownFileType = sourcecode.c.objc; path = MWFeedParser.m; sourceTree = "<group>"; };
		FBE53C7B1ADF567800AC8DE7 /* MWFeedParser_Private.h */ = {isa = PBXFileReference; fileEncoding = 4; lastKnownFileType = sourcecode.c.h; path = MWFeedParser_Private.h; sourceTree = "<group>"; };
		FBE53C7C1ADF567800AC8DE7 /* MWFeedParserAppDelegate.h */ = {isa = PBXFileReference; fileEncoding = 4; lastKnownFileType = sourcecode.c.h; path = MWFeedParserAppDelegate.h; sourceTree = "<group>"; };
		FBE53C7D1ADF567800AC8DE7 /* MWFeedParserAppDelegate.m */ = {isa = PBXFileReference; fileEncoding = 4; lastKnownFileType = sourcecode.c.objc; path = MWFeedParserAppDelegate.m; sourceTree = "<group>"; };
		FBE53C7E1ADF567800AC8DE7 /* NSDate+InternetDateTime.h */ = {isa = PBXFileReference; fileEncoding = 4; lastKnownFileType = sourcecode.c.h; path = "NSDate+InternetDateTime.h"; sourceTree = "<group>"; };
		FBE53C7F1ADF567800AC8DE7 /* NSDate+InternetDateTime.m */ = {isa = PBXFileReference; fileEncoding = 4; lastKnownFileType = sourcecode.c.objc; path = "NSDate+InternetDateTime.m"; sourceTree = "<group>"; };
		FBE53C801ADF567800AC8DE7 /* NSString+HTML.h */ = {isa = PBXFileReference; fileEncoding = 4; lastKnownFileType = sourcecode.c.h; path = "NSString+HTML.h"; sourceTree = "<group>"; };
		FBE53C811ADF567800AC8DE7 /* NSString+HTML.m */ = {isa = PBXFileReference; fileEncoding = 4; lastKnownFileType = sourcecode.c.objc; path = "NSString+HTML.m"; sourceTree = "<group>"; };
		FBE53C821ADF567800AC8DE7 /* NSString+XMLEntities.h */ = {isa = PBXFileReference; fileEncoding = 4; lastKnownFileType = sourcecode.c.h; path = "NSString+XMLEntities.h"; sourceTree = "<group>"; };
		FBE53C831ADF567800AC8DE7 /* NSString+XMLEntities.m */ = {isa = PBXFileReference; fileEncoding = 4; lastKnownFileType = sourcecode.c.objc; path = "NSString+XMLEntities.m"; sourceTree = "<group>"; };
/* End PBXFileReference section */

/* Begin PBXFrameworksBuildPhase section */
		FB91AE601AA8D46E00BA5A35 /* Frameworks */ = {
			isa = PBXFrameworksBuildPhase;
			buildActionMask = 2147483647;
			files = (
			);
			runOnlyForDeploymentPostprocessing = 0;
		};
		FB91AE7C1AA8D46E00BA5A35 /* Frameworks */ = {
			isa = PBXFrameworksBuildPhase;
			buildActionMask = 2147483647;
			files = (
			);
			runOnlyForDeploymentPostprocessing = 0;
		};
/* End PBXFrameworksBuildPhase section */

/* Begin PBXGroup section */
		B808E3141AC4E9F7003872A2 /* Imagenes */ = {
			isa = PBXGroup;
			children = (
				B8206D121AEDD0E200FE4B3C /* iconos */,
				B806B16D1AE60F9D00AF96F0 /* CalendarEventYellow.png */,
				B806B16B1AE60F9300AF96F0 /* CalendarToday.png */,
				B806B1651AE60A7D00AF96F0 /* ContactoFondo.png */,
			);
			name = Imagenes;
			path = "Diseño";
			sourceTree = "<group>";
		};
		B808E31E1AC4EC09003872A2 /* DSLCalendarView */ = {
			isa = PBXGroup;
			children = (
				B808E3221AC4EC09003872A2 /* DSLCalendarDayView.h */,
				B808E3231AC4EC09003872A2 /* DSLCalendarDayView.m */,
				B808E3241AC4EC09003872A2 /* DSLCalendarMonthSelectorView.h */,
				B808E3251AC4EC09003872A2 /* DSLCalendarMonthSelectorView.m */,
				B808E3271AC4EC09003872A2 /* DSLCalendarMonthView.h */,
				B808E3281AC4EC09003872A2 /* DSLCalendarMonthView.m */,
				B808E3291AC4EC09003872A2 /* DSLCalendarRange.h */,
				B808E32A1AC4EC09003872A2 /* DSLCalendarRange.m */,
				B808E32B1AC4EC09003872A2 /* DSLCalendarView.h */,
				B808E32C1AC4EC09003872A2 /* DSLCalendarView.m */,
				B808E33C1AC4EC09003872A2 /* NSDate+DSLCalendarView.h */,
				B808E33D1AC4EC09003872A2 /* NSDate+DSLCalendarView.m */,
				B808E3261AC4EC09003872A2 /* DSLCalendarMonthSelectorView.xib */,
				B891F1771AE9DA3400A1F5C8 /* Images */,
			);
			path = DSLCalendarView;
			sourceTree = "<group>";
		};
		B8206D121AEDD0E200FE4B3C /* iconos */ = {
			isa = PBXGroup;
			children = (
				B8206D211AEDE19200FE4B3C /* Calendario.jpg */,
				B8206D1F1AEDDF0000FE4B3C /* Noticias.png */,
				B8206D1D1AEDDC6B00FE4B3C /* Contacto.png */,
				B8206D131AEDD0E200FE4B3C /* facebook.png */,
				B8206D141AEDD0E200FE4B3C /* google+.png */,
				B8206D151AEDD0E200FE4B3C /* linkedin.jpg */,
				B8206D161AEDD0E200FE4B3C /* twitter.png */,
				B8206D171AEDD0E200FE4B3C /* youtube.png */,
			);
			path = iconos;
			sourceTree = "<group>";
		};
		B853B92F1AF6AD0500D101CF /* Calendario */ = {
			isa = PBXGroup;
			children = (
				B84C2C9B1AE6D80100CF063B /* EventoViewController.h */,
				B84C2C9C1AE6D80100CF063B /* EventoViewController.m */,
				B808E31B1AC4EB9D003872A2 /* ViewControllerCalendario.h */,
				B808E31C1AC4EB9D003872A2 /* ViewControllerCalendario.m */,
				B808E31E1AC4EC09003872A2 /* DSLCalendarView */,
			);
			name = Calendario;
			sourceTree = "<group>";
		};
		B853B9301AF6AD3B00D101CF /* Contactos */ = {
			isa = PBXGroup;
			children = (
				B808E3581AC4EE27003872A2 /* TableViewControllerContacto.h */,
				B808E3591AC4EE27003872A2 /* TableViewControllerContacto.m */,
				FB24B9E81ADDEF8800D5431A /* ContactoViewController.h */,
				FB24B9E91ADDEF8800D5431A /* ContactoViewController.m */,
				FBE53C921ADF56EA00AC8DE7 /* Contactos CVC */,
			);
			name = Contactos;
			sourceTree = "<group>";
		};
		B853B9311AF6AD6D00D101CF /* Noticias */ = {
			isa = PBXGroup;
			children = (
				B861FC3A1AEA9D2E0037ACE9 /* NoticiarioTableViewController.h */,
				B861FC3B1AEA9D2E0037ACE9 /* NoticiarioTableViewController.m */,
				B84AF3DD1AEBECBB00E31131 /* NoticiaTableViewCell.h */,
				B84AF3DE1AEBECBB00E31131 /* NoticiaTableViewCell.m */,
				B861FC371AEA91F60037ACE9 /* NoticiaViewController.h */,
				B861FC381AEA91F60037ACE9 /* NoticiaViewController.m */,
			);
			name = Noticias;
			sourceTree = "<group>";
		};
		B853B9321AF6ADA200D101CF /* Inicio */ = {
			isa = PBXGroup;
			children = (
				FB91AE6A1AA8D46E00BA5A35 /* AppDelegate.h */,
				FB91AE6B1AA8D46E00BA5A35 /* AppDelegate.m */,
				8DFBEDBE1AE5C1CA00F6AF2F /* GlobalCalendar.h */,
				8DFBEDBF1AE5C1CA00F6AF2F /* GlobalCalendar.m */,
				B84173D21AEDAA4100629E0A /* MenuViewController.h */,
				B84173D31AEDAA4100629E0A /* MenuViewController.m */,
				FBE53C721ADF567800AC8DE7 /* FeedParser */,
			);
			name = Inicio;
			sourceTree = "<group>";
		};
		B891F1771AE9DA3400A1F5C8 /* Images */ = {
			isa = PBXGroup;
			children = (
				B891F1881AE9E09100A1F5C8 /* DSLCalendar-previousMonth.png */,
				B891F1861AE9E08800A1F5C8 /* DSLCalendar-nextMonth.png */,
				B80A5EE21AE9EEE50078F5E5 /* DSLCalendarDaySelection.png */,
			);
			path = Images;
			sourceTree = "<group>";
		};
		FB91AE5A1AA8D46E00BA5A35 = {
			isa = PBXGroup;
			children = (
				FB91AE651AA8D46E00BA5A35 /* CeldasMedida */,
				FB91AE821AA8D46E00BA5A35 /* CeldasMedidaTests */,
				FB91AE641AA8D46E00BA5A35 /* Products */,
			);
			sourceTree = "<group>";
		};
		FB91AE641AA8D46E00BA5A35 /* Products */ = {
			isa = PBXGroup;
			children = (
				FB91AE631AA8D46E00BA5A35 /* CeldasMedida.app */,
				FB91AE7F1AA8D46E00BA5A35 /* CeldasMedidaTests.xctest */,
			);
			name = Products;
			sourceTree = "<group>";
		};
		FB91AE651AA8D46E00BA5A35 /* CeldasMedida */ = {
			isa = PBXGroup;
			children = (
				B853B9321AF6ADA200D101CF /* Inicio */,
				B853B92F1AF6AD0500D101CF /* Calendario */,
				B853B9311AF6AD6D00D101CF /* Noticias */,
				B853B9301AF6AD3B00D101CF /* Contactos */,
				B808E3141AC4E9F7003872A2 /* Imagenes */,
				FB91AE661AA8D46E00BA5A35 /* Supporting Files */,
				FB91AE731AA8D46E00BA5A35 /* Main.storyboard */,
				FB91AE781AA8D46E00BA5A35 /* LaunchScreen.xib */,
				FB91AE761AA8D46E00BA5A35 /* Images.xcassets */,
			);
			path = CeldasMedida;
			sourceTree = "<group>";
		};
		FB91AE661AA8D46E00BA5A35 /* Supporting Files */ = {
			isa = PBXGroup;
			children = (
				FB91AE671AA8D46E00BA5A35 /* Info.plist */,
				FB91AE681AA8D46E00BA5A35 /* main.m */,
			);
			name = "Supporting Files";
			sourceTree = "<group>";
		};
		FB91AE821AA8D46E00BA5A35 /* CeldasMedidaTests */ = {
			isa = PBXGroup;
			children = (
				FB91AE851AA8D46E00BA5A35 /* CeldasMedidaTests.m */,
				FB91AE831AA8D46E00BA5A35 /* Supporting Files */,
			);
			path = CeldasMedidaTests;
			sourceTree = "<group>";
		};
		FB91AE831AA8D46E00BA5A35 /* Supporting Files */ = {
			isa = PBXGroup;
			children = (
				FB91AE841AA8D46E00BA5A35 /* Info.plist */,
			);
			name = "Supporting Files";
			sourceTree = "<group>";
		};
		FBE53C721ADF567800AC8DE7 /* FeedParser */ = {
			isa = PBXGroup;
			children = (
				FBE53C731ADF567800AC8DE7 /* GTMNSString+HTML.h */,
				FBE53C741ADF567800AC8DE7 /* GTMNSString+HTML.m */,
				FBE53C751ADF567800AC8DE7 /* MWFeedInfo.h */,
				FBE53C761ADF567800AC8DE7 /* MWFeedInfo.m */,
				FBE53C771ADF567800AC8DE7 /* MWFeedItem.h */,
				B837E6941ADF75A8004DCF03 /* MWFeedParser_Prefix.pch */,
				FBE53C781ADF567800AC8DE7 /* MWFeedItem.m */,
				FBE53C791ADF567800AC8DE7 /* MWFeedParser.h */,
				FBE53C7A1ADF567800AC8DE7 /* MWFeedParser.m */,
				FBE53C7B1ADF567800AC8DE7 /* MWFeedParser_Private.h */,
				FBE53C7C1ADF567800AC8DE7 /* MWFeedParserAppDelegate.h */,
				FBE53C7D1ADF567800AC8DE7 /* MWFeedParserAppDelegate.m */,
				FBE53C7E1ADF567800AC8DE7 /* NSDate+InternetDateTime.h */,
				FBE53C7F1ADF567800AC8DE7 /* NSDate+InternetDateTime.m */,
				FBE53C801ADF567800AC8DE7 /* NSString+HTML.h */,
				FBE53C811ADF567800AC8DE7 /* NSString+HTML.m */,
				FBE53C821ADF567800AC8DE7 /* NSString+XMLEntities.h */,
				FBE53C831ADF567800AC8DE7 /* NSString+XMLEntities.m */,
			);
			path = FeedParser;
			sourceTree = "<group>";
		};
		FBE53C921ADF56EA00AC8DE7 /* Contactos CVC */ = {
			isa = PBXGroup;
			children = (
				8DEF90191AC78A7D00CA2E78 /* Property List AdmDir.plist */,
				FB18007D1ADF29BC0074C6CB /* Property List DesProVinc.plist */,
				FB18007F1ADF2B6F0074C6CB /* Property List EvaRetro.plist */,
				FB1800811ADF2C250074C6CB /* Property List ExpProf.plist */,
				FB1800831ADF2D1B0074C6CB /* Property List InnovPlan.plist */,
			);
			name = "Contactos CVC";
			sourceTree = "<group>";
		};
/* End PBXGroup section */

/* Begin PBXNativeTarget section */
		FB91AE621AA8D46E00BA5A35 /* CeldasMedida */ = {
			isa = PBXNativeTarget;
			buildConfigurationList = FB91AE891AA8D46E00BA5A35 /* Build configuration list for PBXNativeTarget "CeldasMedida" */;
			buildPhases = (
				FB91AE5F1AA8D46E00BA5A35 /* Sources */,
				FB91AE601AA8D46E00BA5A35 /* Frameworks */,
				FB91AE611AA8D46E00BA5A35 /* Resources */,
			);
			buildRules = (
			);
			dependencies = (
			);
			name = CeldasMedida;
			productName = CeldasMedida;
			productReference = FB91AE631AA8D46E00BA5A35 /* CeldasMedida.app */;
			productType = "com.apple.product-type.application";
		};
		FB91AE7E1AA8D46E00BA5A35 /* CeldasMedidaTests */ = {
			isa = PBXNativeTarget;
			buildConfigurationList = FB91AE8C1AA8D46E00BA5A35 /* Build configuration list for PBXNativeTarget "CeldasMedidaTests" */;
			buildPhases = (
				FB91AE7B1AA8D46E00BA5A35 /* Sources */,
				FB91AE7C1AA8D46E00BA5A35 /* Frameworks */,
				FB91AE7D1AA8D46E00BA5A35 /* Resources */,
			);
			buildRules = (
			);
			dependencies = (
				FB91AE811AA8D46E00BA5A35 /* PBXTargetDependency */,
			);
			name = CeldasMedidaTests;
			productName = CeldasMedidaTests;
			productReference = FB91AE7F1AA8D46E00BA5A35 /* CeldasMedidaTests.xctest */;
			productType = "com.apple.product-type.bundle.unit-test";
		};
/* End PBXNativeTarget section */

/* Begin PBXProject section */
		FB91AE5B1AA8D46E00BA5A35 /* Project object */ = {
			isa = PBXProject;
			attributes = {
				LastUpgradeCheck = 0610;
				ORGANIZATIONNAME = A00814298;
				TargetAttributes = {
					FB91AE621AA8D46E00BA5A35 = {
						CreatedOnToolsVersion = 6.1.1;
					};
					FB91AE7E1AA8D46E00BA5A35 = {
						CreatedOnToolsVersion = 6.1.1;
						TestTargetID = FB91AE621AA8D46E00BA5A35;
					};
				};
			};
			buildConfigurationList = FB91AE5E1AA8D46E00BA5A35 /* Build configuration list for PBXProject "CeldasMedida" */;
			compatibilityVersion = "Xcode 3.2";
			developmentRegion = English;
			hasScannedForEncodings = 0;
			knownRegions = (
				en,
				Base,
			);
			mainGroup = FB91AE5A1AA8D46E00BA5A35;
			productRefGroup = FB91AE641AA8D46E00BA5A35 /* Products */;
			projectDirPath = "";
			projectRoot = "";
			targets = (
				FB91AE621AA8D46E00BA5A35 /* CeldasMedida */,
				FB91AE7E1AA8D46E00BA5A35 /* CeldasMedidaTests */,
			);
		};
/* End PBXProject section */

/* Begin PBXResourcesBuildPhase section */
		FB91AE611AA8D46E00BA5A35 /* Resources */ = {
			isa = PBXResourcesBuildPhase;
			buildActionMask = 2147483647;
			files = (
				B808E3421AC4EC09003872A2 /* DSLCalendarMonthSelectorView.xib in Resources */,
				B8206D201AEDDF0000FE4B3C /* Noticias.png in Resources */,
				B8206D181AEDD0E200FE4B3C /* facebook.png in Resources */,
				FB91AE751AA8D46E00BA5A35 /* Main.storyboard in Resources */,
				B8206D1A1AEDD0E200FE4B3C /* linkedin.jpg in Resources */,
				B806B1661AE60A7D00AF96F0 /* ContactoFondo.png in Resources */,
				B8206D221AEDE19200FE4B3C /* Calendario.jpg in Resources */,
				B891F1871AE9E08800A1F5C8 /* DSLCalendar-nextMonth.png in Resources */,
				FB91AE7A1AA8D46E00BA5A35 /* LaunchScreen.xib in Resources */,
				B8206D1E1AEDDC6B00FE4B3C /* Contacto.png in Resources */,
				FB1800801ADF2B6F0074C6CB /* Property List EvaRetro.plist in Resources */,
				FB91AE771AA8D46E00BA5A35 /* Images.xcassets in Resources */,
				B891F1891AE9E09100A1F5C8 /* DSLCalendar-previousMonth.png in Resources */,
				FB18007E1ADF29BC0074C6CB /* Property List DesProVinc.plist in Resources */,
				FB1800821ADF2C250074C6CB /* Property List ExpProf.plist in Resources */,
				B80A5EE31AE9EEE50078F5E5 /* DSLCalendarDaySelection.png in Resources */,
				FB1800841ADF2D1B0074C6CB /* Property List InnovPlan.plist in Resources */,
				B8206D191AEDD0E200FE4B3C /* google+.png in Resources */,
				B8206D1C1AEDD0E200FE4B3C /* youtube.png in Resources */,
				8DEF901A1AC78A7D00CA2E78 /* Property List AdmDir.plist in Resources */,
				B8206D1B1AEDD0E200FE4B3C /* twitter.png in Resources */,
				B806B16E1AE60F9D00AF96F0 /* CalendarEventYellow.png in Resources */,
				B806B16C1AE60F9300AF96F0 /* CalendarToday.png in Resources */,
			);
			runOnlyForDeploymentPostprocessing = 0;
		};
		FB91AE7D1AA8D46E00BA5A35 /* Resources */ = {
			isa = PBXResourcesBuildPhase;
			buildActionMask = 2147483647;
			files = (
			);
			runOnlyForDeploymentPostprocessing = 0;
		};
/* End PBXResourcesBuildPhase section */

/* Begin PBXSourcesBuildPhase section */
		FB91AE5F1AA8D46E00BA5A35 /* Sources */ = {
			isa = PBXSourcesBuildPhase;
			buildActionMask = 2147483647;
			files = (
				B861FC391AEA91F60037ACE9 /* NoticiaViewController.m in Sources */,
				B84173D41AEDAA4100629E0A /* MenuViewController.m in Sources */,
				B808E3411AC4EC09003872A2 /* DSLCalendarMonthSelectorView.m in Sources */,
				B808E3541AC4EC09003872A2 /* NSDate+DSLCalendarView.m in Sources */,
				FBE53C871ADF567800AC8DE7 /* MWFeedParser.m in Sources */,
				FBE53C841ADF567800AC8DE7 /* GTMNSString+HTML.m in Sources */,
				B861FC3C1AEA9D2E0037ACE9 /* NoticiarioTableViewController.m in Sources */,
				FBE53C891ADF567800AC8DE7 /* NSDate+InternetDateTime.m in Sources */,
				B84C2C9D1AE6D80100CF063B /* EventoViewController.m in Sources */,
				FB91AE6C1AA8D46E00BA5A35 /* AppDelegate.m in Sources */,
				FBE53C8B1ADF567800AC8DE7 /* NSString+XMLEntities.m in Sources */,
				B808E31D1AC4EB9D003872A2 /* ViewControllerCalendario.m in Sources */,
				B808E3401AC4EC09003872A2 /* DSLCalendarDayView.m in Sources */,
				FBE53C8A1ADF567800AC8DE7 /* NSString+HTML.m in Sources */,
				B84AF3DF1AEBECBB00E31131 /* NoticiaTableViewCell.m in Sources */,
				B808E3451AC4EC09003872A2 /* DSLCalendarView.m in Sources */,
				FBE53C881ADF567800AC8DE7 /* MWFeedParserAppDelegate.m in Sources */,
				FB91AE691AA8D46E00BA5A35 /* main.m in Sources */,
				B808E3441AC4EC09003872A2 /* DSLCalendarRange.m in Sources */,
				FBE53C861ADF567800AC8DE7 /* MWFeedItem.m in Sources */,
				FBE53C851ADF567800AC8DE7 /* MWFeedInfo.m in Sources */,
				8DFBEDC01AE5C1CA00F6AF2F /* GlobalCalendar.m in Sources */,
				B808E3431AC4EC09003872A2 /* DSLCalendarMonthView.m in Sources */,
				B808E35A1AC4EE27003872A2 /* TableViewControllerContacto.m in Sources */,
				FB24B9EA1ADDEF8800D5431A /* ContactoViewController.m in Sources */,
			);
			runOnlyForDeploymentPostprocessing = 0;
		};
		FB91AE7B1AA8D46E00BA5A35 /* Sources */ = {
			isa = PBXSourcesBuildPhase;
			buildActionMask = 2147483647;
			files = (
				FB91AE861AA8D46E00BA5A35 /* CeldasMedidaTests.m in Sources */,
			);
			runOnlyForDeploymentPostprocessing = 0;
		};
/* End PBXSourcesBuildPhase section */

/* Begin PBXTargetDependency section */
		FB91AE811AA8D46E00BA5A35 /* PBXTargetDependency */ = {
			isa = PBXTargetDependency;
			target = FB91AE621AA8D46E00BA5A35 /* CeldasMedida */;
			targetProxy = FB91AE801AA8D46E00BA5A35 /* PBXContainerItemProxy */;
		};
/* End PBXTargetDependency section */

/* Begin PBXVariantGroup section */
		FB91AE731AA8D46E00BA5A35 /* Main.storyboard */ = {
			isa = PBXVariantGroup;
			children = (
				FB91AE741AA8D46E00BA5A35 /* Base */,
			);
			name = Main.storyboard;
			sourceTree = "<group>";
		};
		FB91AE781AA8D46E00BA5A35 /* LaunchScreen.xib */ = {
			isa = PBXVariantGroup;
			children = (
				FB91AE791AA8D46E00BA5A35 /* Base */,
			);
			name = LaunchScreen.xib;
			sourceTree = "<group>";
		};
/* End PBXVariantGroup section */

/* Begin XCBuildConfiguration section */
		FB91AE871AA8D46E00BA5A35 /* Debug */ = {
			isa = XCBuildConfiguration;
			buildSettings = {
				ALWAYS_SEARCH_USER_PATHS = NO;
				CLANG_CXX_LANGUAGE_STANDARD = "gnu++0x";
				CLANG_CXX_LIBRARY = "libc++";
				CLANG_ENABLE_MODULES = YES;
				CLANG_ENABLE_OBJC_ARC = YES;
				CLANG_WARN_BOOL_CONVERSION = YES;
				CLANG_WARN_CONSTANT_CONVERSION = YES;
				CLANG_WARN_DIRECT_OBJC_ISA_USAGE = YES_ERROR;
				CLANG_WARN_EMPTY_BODY = YES;
				CLANG_WARN_ENUM_CONVERSION = YES;
				CLANG_WARN_INT_CONVERSION = YES;
				CLANG_WARN_OBJC_ROOT_CLASS = YES_ERROR;
				CLANG_WARN_UNREACHABLE_CODE = YES;
				CLANG_WARN__DUPLICATE_METHOD_MATCH = YES;
				"CODE_SIGN_IDENTITY[sdk=iphoneos*]" = "iPhone Developer";
				COPY_PHASE_STRIP = NO;
				ENABLE_STRICT_OBJC_MSGSEND = YES;
				GCC_C_LANGUAGE_STANDARD = gnu99;
				GCC_DYNAMIC_NO_PIC = NO;
				GCC_OPTIMIZATION_LEVEL = 0;
				GCC_PREPROCESSOR_DEFINITIONS = (
					"DEBUG=1",
					"$(inherited)",
				);
				GCC_SYMBOLS_PRIVATE_EXTERN = NO;
				GCC_WARN_64_TO_32_BIT_CONVERSION = YES;
				GCC_WARN_ABOUT_RETURN_TYPE = YES_ERROR;
				GCC_WARN_UNDECLARED_SELECTOR = YES;
				GCC_WARN_UNINITIALIZED_AUTOS = YES_AGGRESSIVE;
				GCC_WARN_UNUSED_FUNCTION = YES;
				GCC_WARN_UNUSED_VARIABLE = YES;
				IPHONEOS_DEPLOYMENT_TARGET = 8.1;
				MTL_ENABLE_DEBUG_INFO = YES;
				ONLY_ACTIVE_ARCH = YES;
				SDKROOT = iphoneos;
			};
			name = Debug;
		};
		FB91AE881AA8D46E00BA5A35 /* Release */ = {
			isa = XCBuildConfiguration;
			buildSettings = {
				ALWAYS_SEARCH_USER_PATHS = NO;
				CLANG_CXX_LANGUAGE_STANDARD = "gnu++0x";
				CLANG_CXX_LIBRARY = "libc++";
				CLANG_ENABLE_MODULES = YES;
				CLANG_ENABLE_OBJC_ARC = YES;
				CLANG_WARN_BOOL_CONVERSION = YES;
				CLANG_WARN_CONSTANT_CONVERSION = YES;
				CLANG_WARN_DIRECT_OBJC_ISA_USAGE = YES_ERROR;
				CLANG_WARN_EMPTY_BODY = YES;
				CLANG_WARN_ENUM_CONVERSION = YES;
				CLANG_WARN_INT_CONVERSION = YES;
				CLANG_WARN_OBJC_ROOT_CLASS = YES_ERROR;
				CLANG_WARN_UNREACHABLE_CODE = YES;
				CLANG_WARN__DUPLICATE_METHOD_MATCH = YES;
				"CODE_SIGN_IDENTITY[sdk=iphoneos*]" = "iPhone Developer";
				COPY_PHASE_STRIP = YES;
				ENABLE_NS_ASSERTIONS = NO;
				ENABLE_STRICT_OBJC_MSGSEND = YES;
				GCC_C_LANGUAGE_STANDARD = gnu99;
				GCC_WARN_64_TO_32_BIT_CONVERSION = YES;
				GCC_WARN_ABOUT_RETURN_TYPE = YES_ERROR;
				GCC_WARN_UNDECLARED_SELECTOR = YES;
				GCC_WARN_UNINITIALIZED_AUTOS = YES_AGGRESSIVE;
				GCC_WARN_UNUSED_FUNCTION = YES;
				GCC_WARN_UNUSED_VARIABLE = YES;
				IPHONEOS_DEPLOYMENT_TARGET = 8.1;
				MTL_ENABLE_DEBUG_INFO = NO;
				SDKROOT = iphoneos;
				VALIDATE_PRODUCT = YES;
			};
			name = Release;
		};
		FB91AE8A1AA8D46E00BA5A35 /* Debug */ = {
			isa = XCBuildConfiguration;
			buildSettings = {
				ASSETCATALOG_COMPILER_APPICON_NAME = AppIcon;
				INFOPLIST_FILE = CeldasMedida/Info.plist;
				LD_RUNPATH_SEARCH_PATHS = "$(inherited) @executable_path/Frameworks";
				PRODUCT_NAME = "$(TARGET_NAME)";
			};
			name = Debug;
		};
		FB91AE8B1AA8D46E00BA5A35 /* Release */ = {
			isa = XCBuildConfiguration;
			buildSettings = {
				ASSETCATALOG_COMPILER_APPICON_NAME = AppIcon;
				INFOPLIST_FILE = CeldasMedida/Info.plist;
				LD_RUNPATH_SEARCH_PATHS = "$(inherited) @executable_path/Frameworks";
				PRODUCT_NAME = "$(TARGET_NAME)";
			};
			name = Release;
		};
		FB91AE8D1AA8D46E00BA5A35 /* Debug */ = {
			isa = XCBuildConfiguration;
			buildSettings = {
				BUNDLE_LOADER = "$(TEST_HOST)";
				FRAMEWORK_SEARCH_PATHS = (
					"$(SDKROOT)/Developer/Library/Frameworks",
					"$(inherited)",
				);
				GCC_PREPROCESSOR_DEFINITIONS = (
					"DEBUG=1",
					"$(inherited)",
				);
				INFOPLIST_FILE = CeldasMedidaTests/Info.plist;
				LD_RUNPATH_SEARCH_PATHS = "$(inherited) @executable_path/Frameworks @loader_path/Frameworks";
				PRODUCT_NAME = "$(TARGET_NAME)";
				TEST_HOST = "$(BUILT_PRODUCTS_DIR)/CeldasMedida.app/CeldasMedida";
			};
			name = Debug;
		};
		FB91AE8E1AA8D46E00BA5A35 /* Release */ = {
			isa = XCBuildConfiguration;
			buildSettings = {
				BUNDLE_LOADER = "$(TEST_HOST)";
				FRAMEWORK_SEARCH_PATHS = (
					"$(SDKROOT)/Developer/Library/Frameworks",
					"$(inherited)",
				);
				INFOPLIST_FILE = CeldasMedidaTests/Info.plist;
				LD_RUNPATH_SEARCH_PATHS = "$(inherited) @executable_path/Frameworks @loader_path/Frameworks";
				PRODUCT_NAME = "$(TARGET_NAME)";
				TEST_HOST = "$(BUILT_PRODUCTS_DIR)/CeldasMedida.app/CeldasMedida";
			};
			name = Release;
		};
/* End XCBuildConfiguration section */

/* Begin XCConfigurationList section */
		FB91AE5E1AA8D46E00BA5A35 /* Build configuration list for PBXProject "CeldasMedida" */ = {
			isa = XCConfigurationList;
			buildConfigurations = (
				FB91AE871AA8D46E00BA5A35 /* Debug */,
				FB91AE881AA8D46E00BA5A35 /* Release */,
			);
			defaultConfigurationIsVisible = 0;
			defaultConfigurationName = Release;
		};
		FB91AE891AA8D46E00BA5A35 /* Build configuration list for PBXNativeTarget "CeldasMedida" */ = {
			isa = XCConfigurationList;
			buildConfigurations = (
				FB91AE8A1AA8D46E00BA5A35 /* Debug */,
				FB91AE8B1AA8D46E00BA5A35 /* Release */,
			);
			defaultConfigurationIsVisible = 0;
			defaultConfigurationName = Release;
		};
		FB91AE8C1AA8D46E00BA5A35 /* Build configuration list for PBXNativeTarget "CeldasMedidaTests" */ = {
			isa = XCConfigurationList;
			buildConfigurations = (
				FB91AE8D1AA8D46E00BA5A35 /* Debug */,
				FB91AE8E1AA8D46E00BA5A35 /* Release */,
			);
			defaultConfigurationIsVisible = 0;
			defaultConfigurationName = Release;
		};
/* End XCConfigurationList section */
	};
	rootObject = FB91AE5B1AA8D46E00BA5A35 /* Project object */;
}
